{
  "name": "yk_todo",
  "version": "1.0.0",
  "lockfileVersion": 1,
  "requires": true,
  "dependencies": {
    "jquery": {
      "version": "1.12.4",
      "resolved": "https://registry.npm.taobao.org/jquery/download/jquery-1.12.4.tgz",
      "integrity": "sha1-AeHfuikP5z3rp3zurLD5ui/sngw="
    },
    "jquery-confirm": {
      "version": "3.3.4",
      "resolved": "https://registry.npm.taobao.org/jquery-confirm/download/jquery-confirm-3.3.4.tgz",
      "integrity": "sha1-ST4p0zcT6G1usMW9F3Z3pDczENE=",
      "requires": {
        "jquery": ">=1.6"
      }
    },
    "normalize.css": {
      "version": "8.0.1",
      "resolved": "https://registry.npm.taobao.org/normalize.css/download/normalize.css-8.0.1.tgz",
      "integrity": "sha1-m5iiCHOLnMJjTKrLxC0THJdIe/M="
    },
    "store": {
      "version": "2.0.12",
      "resolved": "https://registry.npm.taobao.org/store/download/store-2.0.12.tgz",
      "integrity": "sha1-jFNOKguDH3K3X8XxEZhXxE711ZM="
    }
  }
}
